
Microsoft Visual Studio Solution File, Format Version 12.00
# Visual Studio Version 17
VisualStudioVersion = 17.5.33414.496
MinimumVisualStudioVersion = 10.0.40219.1
Project("{8BC9CEB8-8B4A-11D0-8D11-00A0C91BC942}") = "Captura_Desliegue", "Captura_Desliegue.vcxproj", "{41325603-A11A-4528-B92C-08850C17211C}"
EndProject
Project("{8BC9CEB8-8B4A-11D0-8D11-00A0C91BC942}") = "Estructuras", "..\Estructuras\Estructuras.vcxproj", "{5127348F-DE50-4C9B-B170-B163F64B2AA3}"
EndProject
Global
	GlobalSection(SolutionConfigurationPlatforms) = preSolution
		Debug|x64 = Debug|x64
		Debug|x86 = Debug|x86
		Release|x64 = Release|x64
		Release|x86 = Release|x86
	EndGlobalSection
	GlobalSection(ProjectConfigurationPlatforms) = postSolution
		{41325603-A11A-4528-B92C-08850C17211C}.Debug|x64.ActiveCfg = Debug|x64
		{41325603-A11A-4528-B92C-08850C17211C}.Debug|x64.Build.0 = Debug|x64
		{41325603-A11A-4528-B92C-08850C17211C}.Debug|x86.ActiveCfg = Debug|Win32
		{41325603-A11A-4528-B92C-08850C17211C}.Debug|x86.Build.0 = Debug|Win32
		{41325603-A11A-4528-B92C-08850C17211C}.Release|x64.ActiveCfg = Release|x64
		{41325603-A11A-4528-B92C-08850C17211C}.Release|x64.Build.0 = Release|x64
		{41325603-A11A-4528-B92C-08850C17211C}.Release|x86.ActiveCfg = Release|Win32
		{41325603-A11A-4528-B92C-08850C17211C}.Release|x86.Build.0 = Release|Win32
		{5127348F-DE50-4C9B-B170-B163F64B2AA3}.Debug|x64.ActiveCfg = Debug|x64
		{5127348F-DE50-4C9B-B170-B163F64B2AA3}.Debug|x64.Build.0 = Debug|x64
		{5127348F-DE50-4C9B-B170-B163F64B2AA3}.Debug|x86.ActiveCfg = Debug|Win32
		{5127348F-DE50-4C9B-B170-B163F64B2AA3}.Debug|x86.Build.0 = Debug|Win32
		{5127348F-DE50-4C9B-B170-B163F64B2AA3}.Release|x64.ActiveCfg = Release|x64
		{5127348F-DE50-4C9B-B170-B163F64B2AA3}.Release|x64.Build.0 = Release|x64
		{5127348F-DE50-4C9B-B170-B163F64B2AA3}.Release|x86.ActiveCfg = Release|Win32
		{5127348F-DE50-4C9B-B170-B163F64B2AA3}.Release|x86.Build.0 = Release|Win32
	EndGlobalSection
	GlobalSection(SolutionProperties) = preSolution
		HideSolutionNode = FALSE
	EndGlobalSection
	GlobalSection(ExtensibilityGlobals) = postSolution
		SolutionGuid = {DDA5BC8D-FFED-4921-9F6F-E6A6A6180219}
	EndGlobalSection
EndGlobal
