
Microsoft Visual Studio Solution File, Format Version 12.00
# Visual Studio Version 17
VisualStudioVersion = 17.4.33213.308
MinimumVisualStudioVersion = 10.0.40219.1
Project("{8BC9CEB8-8B4A-11D0-8D11-00A0C91BC942}") = "Grupo4_ListasLigadasSimples", "Grupo4_ListasLigadasSimples.vcxproj", "{8129749A-DCAE-4043-92F9-42F9C0E60A8E}"
EndProject
Global
	GlobalSection(SolutionConfigurationPlatforms) = preSolution
		Debug|x64 = Debug|x64
		Debug|x86 = Debug|x86
		Release|x64 = Release|x64
		Release|x86 = Release|x86
	EndGlobalSection
	GlobalSection(ProjectConfigurationPlatforms) = postSolution
		{8129749A-DCAE-4043-92F9-42F9C0E60A8E}.Debug|x64.ActiveCfg = Debug|x64
		{8129749A-DCAE-4043-92F9-42F9C0E60A8E}.Debug|x64.Build.0 = Debug|x64
		{8129749A-DCAE-4043-92F9-42F9C0E60A8E}.Debug|x86.ActiveCfg = Debug|Win32
		{8129749A-DCAE-4043-92F9-42F9C0E60A8E}.Debug|x86.Build.0 = Debug|Win32
		{8129749A-DCAE-4043-92F9-42F9C0E60A8E}.Release|x64.ActiveCfg = Release|x64
		{8129749A-DCAE-4043-92F9-42F9C0E60A8E}.Release|x64.Build.0 = Release|x64
		{8129749A-DCAE-4043-92F9-42F9C0E60A8E}.Release|x86.ActiveCfg = Release|Win32
		{8129749A-DCAE-4043-92F9-42F9C0E60A8E}.Release|x86.Build.0 = Release|Win32
	EndGlobalSection
	GlobalSection(SolutionProperties) = preSolution
		HideSolutionNode = FALSE
	EndGlobalSection
	GlobalSection(ExtensibilityGlobals) = postSolution
		SolutionGuid = {37CFC0BB-FAA7-415A-9055-1B8089A1AD0D}
	EndGlobalSection
EndGlobal
