
Microsoft Visual Studio Solution File, Format Version 12.00
# Visual Studio Version 17
VisualStudioVersion = 17.5.33414.496
MinimumVisualStudioVersion = 10.0.40219.1
Project("{8BC9CEB8-8B4A-11D0-8D11-00A0C91BC942}") = "ABCDPokemon", "ABCDPokemon.vcxproj", "{DAE5898E-9DE2-4941-8827-304CDBE12EA4}"
EndProject
Project("{8BC9CEB8-8B4A-11D0-8D11-00A0C91BC942}") = "ABCWinApi", "ABCWinApi\ABCWinApi.vcxproj", "{65D963B2-7A9E-434C-82C2-A8A97FBDAE9E}"
EndProject
Global
	GlobalSection(SolutionConfigurationPlatforms) = preSolution
		Debug|x64 = Debug|x64
		Debug|x86 = Debug|x86
		Release|x64 = Release|x64
		Release|x86 = Release|x86
	EndGlobalSection
	GlobalSection(ProjectConfigurationPlatforms) = postSolution
		{DAE5898E-9DE2-4941-8827-304CDBE12EA4}.Debug|x64.ActiveCfg = Debug|x64
		{DAE5898E-9DE2-4941-8827-304CDBE12EA4}.Debug|x64.Build.0 = Debug|x64
		{DAE5898E-9DE2-4941-8827-304CDBE12EA4}.Debug|x86.ActiveCfg = Debug|Win32
		{DAE5898E-9DE2-4941-8827-304CDBE12EA4}.Debug|x86.Build.0 = Debug|Win32
		{DAE5898E-9DE2-4941-8827-304CDBE12EA4}.Release|x64.ActiveCfg = Release|x64
		{DAE5898E-9DE2-4941-8827-304CDBE12EA4}.Release|x64.Build.0 = Release|x64
		{DAE5898E-9DE2-4941-8827-304CDBE12EA4}.Release|x86.ActiveCfg = Release|Win32
		{DAE5898E-9DE2-4941-8827-304CDBE12EA4}.Release|x86.Build.0 = Release|Win32
		{65D963B2-7A9E-434C-82C2-A8A97FBDAE9E}.Debug|x64.ActiveCfg = Debug|x64
		{65D963B2-7A9E-434C-82C2-A8A97FBDAE9E}.Debug|x64.Build.0 = Debug|x64
		{65D963B2-7A9E-434C-82C2-A8A97FBDAE9E}.Debug|x86.ActiveCfg = Debug|Win32
		{65D963B2-7A9E-434C-82C2-A8A97FBDAE9E}.Debug|x86.Build.0 = Debug|Win32
		{65D963B2-7A9E-434C-82C2-A8A97FBDAE9E}.Release|x64.ActiveCfg = Release|x64
		{65D963B2-7A9E-434C-82C2-A8A97FBDAE9E}.Release|x64.Build.0 = Release|x64
		{65D963B2-7A9E-434C-82C2-A8A97FBDAE9E}.Release|x86.ActiveCfg = Release|Win32
		{65D963B2-7A9E-434C-82C2-A8A97FBDAE9E}.Release|x86.Build.0 = Release|Win32
	EndGlobalSection
	GlobalSection(SolutionProperties) = preSolution
		HideSolutionNode = FALSE
	EndGlobalSection
	GlobalSection(ExtensibilityGlobals) = postSolution
		SolutionGuid = {DAC138B8-42EC-436C-AFFB-AF7CF0964FEF}
	EndGlobalSection
EndGlobal
