
Microsoft Visual Studio Solution File, Format Version 12.00
# Visual Studio Version 17
VisualStudioVersion = 17.5.33414.496
MinimumVisualStudioVersion = 10.0.40219.1
Project("{8BC9CEB8-8B4A-11D0-8D11-00A0C91BC942}") = "Ejemplo01", "Ejemplo01.vcxproj", "{302AE143-886F-44C6-92E6-730D75223885}"
EndProject
Global
	GlobalSection(SolutionConfigurationPlatforms) = preSolution
		Debug|x64 = Debug|x64
		Debug|x86 = Debug|x86
		Release|x64 = Release|x64
		Release|x86 = Release|x86
	EndGlobalSection
	GlobalSection(ProjectConfigurationPlatforms) = postSolution
		{302AE143-886F-44C6-92E6-730D75223885}.Debug|x64.ActiveCfg = Debug|x64
		{302AE143-886F-44C6-92E6-730D75223885}.Debug|x64.Build.0 = Debug|x64
		{302AE143-886F-44C6-92E6-730D75223885}.Debug|x86.ActiveCfg = Debug|Win32
		{302AE143-886F-44C6-92E6-730D75223885}.Debug|x86.Build.0 = Debug|Win32
		{302AE143-886F-44C6-92E6-730D75223885}.Release|x64.ActiveCfg = Release|x64
		{302AE143-886F-44C6-92E6-730D75223885}.Release|x64.Build.0 = Release|x64
		{302AE143-886F-44C6-92E6-730D75223885}.Release|x86.ActiveCfg = Release|Win32
		{302AE143-886F-44C6-92E6-730D75223885}.Release|x86.Build.0 = Release|Win32
	EndGlobalSection
	GlobalSection(SolutionProperties) = preSolution
		HideSolutionNode = FALSE
	EndGlobalSection
	GlobalSection(ExtensibilityGlobals) = postSolution
		SolutionGuid = {18A8644A-9836-4FE8-BA44-6054921E4653}
	EndGlobalSection
EndGlobal
